
Microsoft Visual Studio Solution File, Format Version 12.00
# Visual Studio Version 16
VisualStudioVersion = 16.0.29215.179
MinimumVisualStudioVersion = 10.0.40219.1
Project("{FAE04EC0-301F-11D3-BF4B-00C04F79EFBC}") = "Blog", "Blog\Blog.csproj", "{2192AA53-DD16-4F4E-BF25-FA7D09FE7FF8}"
EndProject
Global
	GlobalSection(SolutionConfigurationPlatforms) = preSolution
		Debug|Any CPU = Debug|Any CPU
		Release|Any CPU = Release|Any CPU
	EndGlobalSection
	GlobalSection(ProjectConfigurationPlatforms) = postSolution
		{2192AA53-DD16-4F4E-BF25-FA7D09FE7FF8}.Debug|Any CPU.ActiveCfg = Debug|Any CPU
		{2192AA53-DD16-4F4E-BF25-FA7D09FE7FF8}.Debug|Any CPU.Build.0 = Debug|Any CPU
		{2192AA53-DD16-4F4E-BF25-FA7D09FE7FF8}.Release|Any CPU.ActiveCfg = Release|Any CPU
		{2192AA53-DD16-4F4E-BF25-FA7D09FE7FF8}.Release|Any CPU.Build.0 = Release|Any CPU
	EndGlobalSection
	GlobalSection(SolutionProperties) = preSolution
		HideSolutionNode = FALSE
	EndGlobalSection
	GlobalSection(ExtensibilityGlobals) = postSolution
		SolutionGuid = {16B0B0E2-DD82-4483-B463-700D78D1D761}
	EndGlobalSection
EndGlobal
